
Microsoft Visual Studio Solution File, Format Version 12.00
# Visual Studio Version 17
VisualStudioVersion = 17.1.32228.430
MinimumVisualStudioVersion = 10.0.40219.1
Project("{FAE04EC0-301F-11D3-BF4B-00C04F79EFBC}") = "Tic Tac Toe", "Tic Tac Toe.csproj", "{2327C9A8-507A-4DE6-AF0F-9C8F60708064}"
EndProject
Global
	GlobalSection(SolutionConfigurationPlatforms) = preSolution
		Debug|Any CPU = Debug|Any CPU
		Release|Any CPU = Release|Any CPU
	EndGlobalSection
	GlobalSection(ProjectConfigurationPlatforms) = postSolution
		{2327C9A8-507A-4DE6-AF0F-9C8F60708064}.Debug|Any CPU.ActiveCfg = Debug|Any CPU
		{2327C9A8-507A-4DE6-AF0F-9C8F60708064}.Debug|Any CPU.Build.0 = Debug|Any CPU
		{2327C9A8-507A-4DE6-AF0F-9C8F60708064}.Release|Any CPU.ActiveCfg = Release|Any CPU
		{2327C9A8-507A-4DE6-AF0F-9C8F60708064}.Release|Any CPU.Build.0 = Release|Any CPU
	EndGlobalSection
	GlobalSection(SolutionProperties) = preSolution
		HideSolutionNode = FALSE
	EndGlobalSection
	GlobalSection(ExtensibilityGlobals) = postSolution
		SolutionGuid = {67AC8E90-A4F5-4B89-BBCD-E43A25884AB2}
	EndGlobalSection
EndGlobal
